
Microsoft Visual Studio Solution File, Format Version 12.00
# Visual Studio Version 17
VisualStudioVersion = 17.0.31903.59
MinimumVisualStudioVersion = 10.0.40219.1
Project("{2150E333-8FDC-42A3-9474-1A3956D46DE8}") = "src", "src", "{AAEF6F7D-AB96-44EC-AB38-D082DA697A6A}"
EndProject
Project("{FAE04EC0-301F-11D3-BF4B-00C04F79EFBC}") = "IGDGHost", "src\Host\IGDGHost.csproj", "{3280B5C9-88D4-441C-9BA1-31E06BEAC392}"
EndProject
Project("{FAE04EC0-301F-11D3-BF4B-00C04F79EFBC}") = "IGDGQuantumTest.Quantum", "src\Quantum\IGDGQuantumTest.Quantum.csproj", "{D7ADCA9E-DF74-4C95-B6B5-8C89C2775EB7}"
EndProject
Project("{2150E333-8FDC-42A3-9474-1A3956D46DE8}") = "tests", "tests", "{87DF87B9-9B9B-4870-AA4F-24006798EF98}"
EndProject
Project("{FAE04EC0-301F-11D3-BF4B-00C04F79EFBC}") = "IGDGQuantumTest.Tests", "tests\IGDGQuantumTest.Tests\IGDGQuantumTest.Tests.csproj", "{6D2CEF8D-B138-4ACE-9045-9D42211B2C81}"
EndProject
Global
	GlobalSection(SolutionConfigurationPlatforms) = preSolution
		Debug|Any CPU = Debug|Any CPU
		Release|Any CPU = Release|Any CPU
	EndGlobalSection
	GlobalSection(SolutionProperties) = preSolution
		HideSolutionNode = FALSE
	EndGlobalSection
	GlobalSection(ProjectConfigurationPlatforms) = postSolution
		{3280B5C9-88D4-441C-9BA1-31E06BEAC392}.Debug|Any CPU.ActiveCfg = Debug|Any CPU
		{3280B5C9-88D4-441C-9BA1-31E06BEAC392}.Debug|Any CPU.Build.0 = Debug|Any CPU
		{3280B5C9-88D4-441C-9BA1-31E06BEAC392}.Release|Any CPU.ActiveCfg = Release|Any CPU
		{3280B5C9-88D4-441C-9BA1-31E06BEAC392}.Release|Any CPU.Build.0 = Release|Any CPU
		{D7ADCA9E-DF74-4C95-B6B5-8C89C2775EB7}.Debug|Any CPU.ActiveCfg = Debug|Any CPU
		{D7ADCA9E-DF74-4C95-B6B5-8C89C2775EB7}.Debug|Any CPU.Build.0 = Debug|Any CPU
		{D7ADCA9E-DF74-4C95-B6B5-8C89C2775EB7}.Release|Any CPU.ActiveCfg = Release|Any CPU
		{D7ADCA9E-DF74-4C95-B6B5-8C89C2775EB7}.Release|Any CPU.Build.0 = Release|Any CPU
		{6D2CEF8D-B138-4ACE-9045-9D42211B2C81}.Debug|Any CPU.ActiveCfg = Debug|Any CPU
		{6D2CEF8D-B138-4ACE-9045-9D42211B2C81}.Debug|Any CPU.Build.0 = Debug|Any CPU
		{6D2CEF8D-B138-4ACE-9045-9D42211B2C81}.Release|Any CPU.ActiveCfg = Release|Any CPU
		{6D2CEF8D-B138-4ACE-9045-9D42211B2C81}.Release|Any CPU.Build.0 = Release|Any CPU
	EndGlobalSection
	GlobalSection(NestedProjects) = preSolution
		{3280B5C9-88D4-441C-9BA1-31E06BEAC392} = {AAEF6F7D-AB96-44EC-AB38-D082DA697A6A}
		{D7ADCA9E-DF74-4C95-B6B5-8C89C2775EB7} = {AAEF6F7D-AB96-44EC-AB38-D082DA697A6A}
		{6D2CEF8D-B138-4ACE-9045-9D42211B2C81} = {87DF87B9-9B9B-4870-AA4F-24006798EF98}
	EndGlobalSection
EndGlobal
