Microsoft Visual Studio Solution File, Format Version 12.00
# Visual Studio 17
VisualStudioVersion = 17.0.31903.59
MinimumVisualStudioVersion = 10.0.40219.1
# This is the IGDGQuantumTest solution.
Project("{FAE04EC0-301F-11D3-BF4B-00C04F79EFBC}") = "IGDGHost", "src\Host\IGDGHost.csproj", "{894A9389-B44A-4933-B5D8-829499A8A9A3}"
EndProject
Project("{FAE04EC0-301F-11D3-BF4B-00C04F79EFBC}") = "IGDGQuantumTest.Tests", "tests\IGDGQuantumTest.Tests\IGDGQuantumTest.Tests.csproj", "{B307A579-A869-448A-B50F-599495989A7A}"
EndProject
SccProjectName = ""
SccAuxPath = ""
SccLocalPath = ""
SccProvider = ""
Global
	GlobalSection(SolutionConfigurationPlatforms) = preSolution
		Debug|Any CPU = Debug|Any CPU
		Release|Any CPU = Release|Any CPU
	EndGlobalSection
	GlobalSection(ProjectConfigurationPlatforms) = postSolution
		{894A9389-B44A-4933-B5D8-829499A8A9A3}.Debug|Any CPU.ActiveCfg = Debug|Any CPU
		{894A9389-B44A-4933-B5D8-829499A8A9A3}.Debug|Any CPU.Build.0 = Debug|Any CPU
		{894A9389-B44A-4933-B5D8-829499A8A9A3}.Release|Any CPU.ActiveCfg = Release|Any CPU
		{894A9389-B44A-4933-B5D8-829499A8A9A3}.Release|Any CPU.Build.0 = Release|Any CPU
		{B307A579-A869-448A-B50F-599495989A7A}.Debug|Any CPU.ActiveCfg = Debug|Any CPU
		{B307A579-A869-448A-448A-B50F-599495989A7A}.Debug|Any CPU.Build.0 = Debug|Any CPU
		{B307A579-A869-448A-B50F-599495989A7A}.Release|Any CPU.ActiveCfg = Release|Any CPU
		{B307A579-A869-448A-B50F-599495989A7A}.Release|Any CPU.Build.0 = Release|Any CPU
	EndGlobalSection
	GlobalSection(SolutionProperties) = preSolution
		HideSolutionNode = FALSE
	EndGlobalSection
	GlobalSection(ExtensibilityGlobals) = postSolution
		SolutionGuid = {D24573DD-0594-4C7D-B458-338978A95178}
	EndGlobalSection
EndGlobal
